
Microsoft Visual Studio Solution File, Format Version 12.00
# Visual Studio Version 17
VisualStudioVersion = 17.4.33213.308
MinimumVisualStudioVersion = 10.0.40219.1
Project("{FAE04EC0-301F-11D3-BF4B-00C04F79EFBC}") = "laba3_PhoneNumber", "laba3_PhoneNumber\laba3_PhoneNumber.csproj", "{AA9A14EB-DAB7-4306-BC1E-F40D64A89944}"
EndProject
Global
	GlobalSection(SolutionConfigurationPlatforms) = preSolution
		Debug|Any CPU = Debug|Any CPU
		Release|Any CPU = Release|Any CPU
	EndGlobalSection
	GlobalSection(ProjectConfigurationPlatforms) = postSolution
		{AA9A14EB-DAB7-4306-BC1E-F40D64A89944}.Debug|Any CPU.ActiveCfg = Debug|Any CPU
		{AA9A14EB-DAB7-4306-BC1E-F40D64A89944}.Debug|Any CPU.Build.0 = Debug|Any CPU
		{AA9A14EB-DAB7-4306-BC1E-F40D64A89944}.Release|Any CPU.ActiveCfg = Release|Any CPU
		{AA9A14EB-DAB7-4306-BC1E-F40D64A89944}.Release|Any CPU.Build.0 = Release|Any CPU
	EndGlobalSection
	GlobalSection(SolutionProperties) = preSolution
		HideSolutionNode = FALSE
	EndGlobalSection
	GlobalSection(ExtensibilityGlobals) = postSolution
		SolutionGuid = {6606B2A6-0BD8-41BD-91CE-6A7EB87211EF}
	EndGlobalSection
EndGlobal
